
Microsoft Visual Studio Solution File, Format Version 12.00
# Visual Studio Version 17
VisualStudioVersion = 17.3.32901.215
MinimumVisualStudioVersion = 10.0.40219.1
Project("{FAE04EC0-301F-11D3-BF4B-00C04F79EFBC}") = "nesli_tukenen_canlilar", "nesli_tukenen_canlilar\nesli_tukenen_canlilar.csproj", "{0A155503-6781-4354-9093-52B8925BB1E4}"
EndProject
Global
	GlobalSection(SolutionConfigurationPlatforms) = preSolution
		Debug|Any CPU = Debug|Any CPU
		Release|Any CPU = Release|Any CPU
	EndGlobalSection
	GlobalSection(ProjectConfigurationPlatforms) = postSolution
		{0A155503-6781-4354-9093-52B8925BB1E4}.Debug|Any CPU.ActiveCfg = Debug|Any CPU
		{0A155503-6781-4354-9093-52B8925BB1E4}.Debug|Any CPU.Build.0 = Debug|Any CPU
		{0A155503-6781-4354-9093-52B8925BB1E4}.Release|Any CPU.ActiveCfg = Release|Any CPU
		{0A155503-6781-4354-9093-52B8925BB1E4}.Release|Any CPU.Build.0 = Release|Any CPU
	EndGlobalSection
	GlobalSection(SolutionProperties) = preSolution
		HideSolutionNode = FALSE
	EndGlobalSection
	GlobalSection(ExtensibilityGlobals) = postSolution
		SolutionGuid = {F749A8A9-097A-4FD7-B39B-F82164828FB7}
	EndGlobalSection
EndGlobal
